// !$*UTF8*$!
{
	archiveVersion = 1;
	classes = {
	};
	objectVersion = 52;
	objects = {

/* Begin PBXBuildFile section */
		DD68B37125F1994700A1F531 /* AppDelegate.swift in Sources */ = {isa = PBXBuildFile; fileRef = DD68B37025F1994700A1F531 /* AppDelegate.swift */; };
		DD68B37325F1994700A1F531 /* SceneDelegate.swift in Sources */ = {isa = PBXBuildFile; fileRef = DD68B37225F1994700A1F531 /* SceneDelegate.swift */; };
		DD68B37525F1994700A1F531 /* ContentView.swift in Sources */ = {isa = PBXBuildFile; fileRef = DD68B37425F1994700A1F531 /* ContentView.swift */; };
		DD68B37725F1994800A1F531 /* Assets.xcassets in Resources */ = {isa = PBXBuildFile; fileRef = DD68B37625F1994800A1F531 /* Assets.xcassets */; };
		DD68B37A25F1994800A1F531 /* Preview Assets.xcassets in Resources */ = {isa = PBXBuildFile; fileRef = DD68B37925F1994800A1F531 /* Preview Assets.xcassets */; };
		DD68B37D25F1994800A1F531 /* LaunchScreen.storyboard in Resources */ = {isa = PBXBuildFile; fileRef = DD68B37B25F1994800A1F531 /* LaunchScreen.storyboard */; };
		DD68B38725F1C88100A1F531 /* IterableSDK in Frameworks */ = {isa = PBXBuildFile; productRef = DD68B38625F1C88100A1F531 /* IterableSDK */; };
		DD68B38925F1C88100A1F531 /* IterableAppExtensions in Frameworks */ = {isa = PBXBuildFile; productRef = DD68B38825F1C88100A1F531 /* IterableAppExtensions */; };
/* End PBXBuildFile section */

/* Begin PBXFileReference section */
		DD68B36D25F1994700A1F531 /* iterable-demo.app */ = {isa = PBXFileReference; explicitFileType = wrapper.application; includeInIndex = 0; path = "iterable-demo.app"; sourceTree = BUILT_PRODUCTS_DIR; };
		DD68B37025F1994700A1F531 /* AppDelegate.swift */ = {isa = PBXFileReference; lastKnownFileType = sourcecode.swift; path = AppDelegate.swift; sourceTree = "<group>"; };
		DD68B37225F1994700A1F531 /* SceneDelegate.swift */ = {isa = PBXFileReference; lastKnownFileType = sourcecode.swift; path = SceneDelegate.swift; sourceTree = "<group>"; };
		DD68B37425F1994700A1F531 /* ContentView.swift */ = {isa = PBXFileReference; lastKnownFileType = sourcecode.swift; path = ContentView.swift; sourceTree = "<group>"; };
		DD68B37625F1994800A1F531 /* Assets.xcassets */ = {isa = PBXFileReference; lastKnownFileType = folder.assetcatalog; path = Assets.xcassets; sourceTree = "<group>"; };
		DD68B37925F1994800A1F531 /* Preview Assets.xcassets */ = {isa = PBXFileReference; lastKnownFileType = folder.assetcatalog; path = "Preview Assets.xcassets"; sourceTree = "<group>"; };
		DD68B37C25F1994800A1F531 /* Base */ = {isa = PBXFileReference; lastKnownFileType = file.storyboard; name = Base; path = Base.lproj/LaunchScreen.storyboard; sourceTree = "<group>"; };
		DD68B37E25F1994800A1F531 /* Info.plist */ = {isa = PBXFileReference; lastKnownFileType = text.plist.xml; path = Info.plist; sourceTree = "<group>"; };
/* End PBXFileReference section */

/* Begin PBXFrameworksBuildPhase section */
		DD68B36A25F1994700A1F531 /* Frameworks */ = {
			isa = PBXFrameworksBuildPhase;
			buildActionMask = 2147483647;
			files = (
				DD68B38925F1C88100A1F531 /* IterableAppExtensions in Frameworks */,
				DD68B38725F1C88100A1F531 /* IterableSDK in Frameworks */,
			);
			runOnlyForDeploymentPostprocessing = 0;
		};
/* End PBXFrameworksBuildPhase section */

/* Begin PBXGroup section */
		DD68B36425F1994700A1F531 = {
			isa = PBXGroup;
			children = (
				DD68B36F25F1994700A1F531 /* iterable-demo */,
				DD68B36E25F1994700A1F531 /* Products */,
			);
			sourceTree = "<group>";
		};
		DD68B36E25F1994700A1F531 /* Products */ = {
			isa = PBXGroup;
			children = (
				DD68B36D25F1994700A1F531 /* iterable-demo.app */,
			);
			name = Products;
			sourceTree = "<group>";
		};
		DD68B36F25F1994700A1F531 /* iterable-demo */ = {
			isa = PBXGroup;
			children = (
				DD68B37025F1994700A1F531 /* AppDelegate.swift */,
				DD68B37225F1994700A1F531 /* SceneDelegate.swift */,
				DD68B37425F1994700A1F531 /* ContentView.swift */,
				DD68B37625F1994800A1F531 /* Assets.xcassets */,
				DD68B37B25F1994800A1F531 /* LaunchScreen.storyboard */,
				DD68B37E25F1994800A1F531 /* Info.plist */,
				DD68B37825F1994800A1F531 /* Preview Content */,
			);
			path = "iterable-demo";
			sourceTree = "<group>";
		};
		DD68B37825F1994800A1F531 /* Preview Content */ = {
			isa = PBXGroup;
			children = (
				DD68B37925F1994800A1F531 /* Preview Assets.xcassets */,
			);
			path = "Preview Content";
			sourceTree = "<group>";
		};
/* End PBXGroup section */

/* Begin PBXNativeTarget section */
		DD68B36C25F1994700A1F531 /* iterable-demo */ = {
			isa = PBXNativeTarget;
			buildConfigurationList = DD68B38125F1994800A1F531 /* Build configuration list for PBXNativeTarget "iterable-demo" */;
			buildPhases = (
				DD68B36925F1994700A1F531 /* Sources */,
				DD68B36A25F1994700A1F531 /* Frameworks */,
				DD68B36B25F1994700A1F531 /* Resources */,
			);
			buildRules = (
			);
			dependencies = (
			);
			name = "iterable-demo";
			packageProductDependencies = (
				DD68B38625F1C88100A1F531 /* IterableSDK */,
				DD68B38825F1C88100A1F531 /* IterableAppExtensions */,
			);
			productName = "iterable-demo";
			productReference = DD68B36D25F1994700A1F531 /* iterable-demo.app */;
			productType = "com.apple.product-type.application";
		};
/* End PBXNativeTarget section */

/* Begin PBXProject section */
		DD68B36525F1994700A1F531 /* Project object */ = {
			isa = PBXProject;
			attributes = {
				LastSwiftUpdateCheck = 1240;
				LastUpgradeCheck = 1240;
				TargetAttributes = {
					DD68B36C25F1994700A1F531 = {
						CreatedOnToolsVersion = 12.4;
					};
				};
			};
			buildConfigurationList = DD68B36825F1994700A1F531 /* Build configuration list for PBXProject "iterable-demo" */;
			compatibilityVersion = "Xcode 9.3";
			developmentRegion = en;
			hasScannedForEncodings = 0;
			knownRegions = (
				en,
				Base,
			);
			mainGroup = DD68B36425F1994700A1F531;
			packageReferences = (
				DD68B38525F1C88100A1F531 /* XCRemoteSwiftPackageReference "swift-sdk" */,
			);
			productRefGroup = DD68B36E25F1994700A1F531 /* Products */;
			projectDirPath = "";
			projectRoot = "";
			targets = (
				DD68B36C25F1994700A1F531 /* iterable-demo */,
			);
		};
/* End PBXProject section */

/* Begin PBXResourcesBuildPhase section */
		DD68B36B25F1994700A1F531 /* Resources */ = {
			isa = PBXResourcesBuildPhase;
			buildActionMask = 2147483647;
			files = (
				DD68B37D25F1994800A1F531 /* LaunchScreen.storyboard in Resources */,
				DD68B37A25F1994800A1F531 /* Preview Assets.xcassets in Resources */,
				DD68B37725F1994800A1F531 /* Assets.xcassets in Resources */,
			);
			runOnlyForDeploymentPostprocessing = 0;
		};
/* End PBXResourcesBuildPhase section */

/* Begin PBXSourcesBuildPhase section */
		DD68B36925F1994700A1F531 /* Sources */ = {
			isa = PBXSourcesBuildPhase;
			buildActionMask = 2147483647;
			files = (
				DD68B37125F1994700A1F531 /* AppDelegate.swift in Sources */,
				DD68B37325F1994700A1F531 /* SceneDelegate.swift in Sources */,
				DD68B37525F1994700A1F531 /* ContentView.swift in Sources */,
			);
			runOnlyForDeploymentPostprocessing = 0;
		};
/* End PBXSourcesBuildPhase section */

/* Begin PBXVariantGroup section */
		DD68B37B25F1994800A1F531 /* LaunchScreen.storyboard */ = {
			isa = PBXVariantGroup;
			children = (
				DD68B37C25F1994800A1F531 /* Base */,
			);
			name = LaunchScreen.storyboard;
			sourceTree = "<group>";
		};
/* End PBXVariantGroup section */

/* Begin XCBuildConfiguration section */
		DD68B37F25F1994800A1F531 /* Debug */ = {
			isa = XCBuildConfiguration;
			buildSettings = {
				ALWAYS_SEARCH_USER_PATHS = NO;
				CLANG_ANALYZER_NONNULL = YES;
				CLANG_ANALYZER_NUMBER_OBJECT_CONVERSION = YES_AGGRESSIVE;
				CLANG_CXX_LANGUAGE_STANDARD = "gnu++14";
				CLANG_CXX_LIBRARY = "libc++";
				CLANG_ENABLE_MODULES = YES;
				CLANG_ENABLE_OBJC_ARC = YES;
				CLANG_ENABLE_OBJC_WEAK = YES;
				CLANG_WARN_BLOCK_CAPTURE_AUTORELEASING = YES;
				CLANG_WARN_BOOL_CONVERSION = YES;
				CLANG_WARN_COMMA = YES;
				CLANG_WARN_CONSTANT_CONVERSION = YES;
				CLANG_WARN_DEPRECATED_OBJC_IMPLEMENTATIONS = YES;
				CLANG_WARN_DIRECT_OBJC_ISA_USAGE = YES_ERROR;
				CLANG_WARN_DOCUMENTATION_COMMENTS = YES;
				CLANG_WARN_EMPTY_BODY = YES;
				CLANG_WARN_ENUM_CONVERSION = YES;
				CLANG_WARN_INFINITE_RECURSION = YES;
				CLANG_WARN_INT_CONVERSION = YES;
				CLANG_WARN_NON_LITERAL_NULL_CONVERSION = YES;
				CLANG_WARN_OBJC_IMPLICIT_RETAIN_SELF = YES;
				CLANG_WARN_OBJC_LITERAL_CONVERSION = YES;
				CLANG_WARN_OBJC_ROOT_CLASS = YES_ERROR;
				CLANG_WARN_QUOTED_INCLUDE_IN_FRAMEWORK_HEADER = YES;
				CLANG_WARN_RANGE_LOOP_ANALYSIS = YES;
				CLANG_WARN_STRICT_PROTOTYPES = YES;
				CLANG_WARN_SUSPICIOUS_MOVE = YES;
				CLANG_WARN_UNGUARDED_AVAILABILITY = YES_AGGRESSIVE;
				CLANG_WARN_UNREACHABLE_CODE = YES;
				CLANG_WARN__DUPLICATE_METHOD_MATCH = YES;
				COPY_PHASE_STRIP = NO;
				DEBUG_INFORMATION_FORMAT = dwarf;
				ENABLE_STRICT_OBJC_MSGSEND = YES;
				ENABLE_TESTABILITY = YES;
				GCC_C_LANGUAGE_STANDARD = gnu11;
				GCC_DYNAMIC_NO_PIC = NO;
				GCC_NO_COMMON_BLOCKS = YES;
				GCC_OPTIMIZATION_LEVEL = 0;
				GCC_PREPROCESSOR_DEFINITIONS = (
					"DEBUG=1",
					"$(inherited)",
				);
				GCC_WARN_64_TO_32_BIT_CONVERSION = YES;
				GCC_WARN_ABOUT_RETURN_TYPE = YES_ERROR;
				GCC_WARN_UNDECLARED_SELECTOR = YES;
				GCC_WARN_UNINITIALIZED_AUTOS = YES_AGGRESSIVE;
				GCC_WARN_UNUSED_FUNCTION = YES;
				GCC_WARN_UNUSED_VARIABLE = YES;
				IPHONEOS_DEPLOYMENT_TARGET = 14.4;
				MTL_ENABLE_DEBUG_INFO = INCLUDE_SOURCE;
				MTL_FAST_MATH = YES;
				ONLY_ACTIVE_ARCH = YES;
				SDKROOT = iphoneos;
				SWIFT_ACTIVE_COMPILATION_CONDITIONS = DEBUG;
				SWIFT_OPTIMIZATION_LEVEL = "-Onone";
			};
			name = Debug;
		};
		DD68B38025F1994800A1F531 /* Release */ = {
			isa = XCBuildConfiguration;
			buildSettings = {
				ALWAYS_SEARCH_USER_PATHS = NO;
				CLANG_ANALYZER_NONNULL = YES;
				CLANG_ANALYZER_NUMBER_OBJECT_CONVERSION = YES_AGGRESSIVE;
				CLANG_CXX_LANGUAGE_STANDARD = "gnu++14";
				CLANG_CXX_LIBRARY = "libc++";
				CLANG_ENABLE_MODULES = YES;
				CLANG_ENABLE_OBJC_ARC = YES;
				CLANG_ENABLE_OBJC_WEAK = YES;
				CLANG_WARN_BLOCK_CAPTURE_AUTORELEASING = YES;
				CLANG_WARN_BOOL_CONVERSION = YES;
				CLANG_WARN_COMMA = YES;
				CLANG_WARN_CONSTANT_CONVERSION = YES;
				CLANG_WARN_DEPRECATED_OBJC_IMPLEMENTATIONS = YES;
				CLANG_WARN_DIRECT_OBJC_ISA_USAGE = YES_ERROR;
				CLANG_WARN_DOCUMENTATION_COMMENTS = YES;
				CLANG_WARN_EMPTY_BODY = YES;
				CLANG_WARN_ENUM_CONVERSION = YES;
				CLANG_WARN_INFINITE_RECURSION = YES;
				CLANG_WARN_INT_CONVERSION = YES;
				CLANG_WARN_NON_LITERAL_NULL_CONVERSION = YES;
				CLANG_WARN_OBJC_IMPLICIT_RETAIN_SELF = YES;
				CLANG_WARN_OBJC_LITERAL_CONVERSION = YES;
				CLANG_WARN_OBJC_ROOT_CLASS = YES_ERROR;
				CLANG_WARN_QUOTED_INCLUDE_IN_FRAMEWORK_HEADER = YES;
				CLANG_WARN_RANGE_LOOP_ANALYSIS = YES;
				CLANG_WARN_STRICT_PROTOTYPES = YES;
				CLANG_WARN_SUSPICIOUS_MOVE = YES;
				CLANG_WARN_UNGUARDED_AVAILABILITY = YES_AGGRESSIVE;
				CLANG_WARN_UNREACHABLE_CODE = YES;
				CLANG_WARN__DUPLICATE_METHOD_MATCH = YES;
				COPY_PHASE_STRIP = NO;
				DEBUG_INFORMATION_FORMAT = "dwarf-with-dsym";
				ENABLE_NS_ASSERTIONS = NO;
				ENABLE_STRICT_OBJC_MSGSEND = YES;
				GCC_C_LANGUAGE_STANDARD = gnu11;
				GCC_NO_COMMON_BLOCKS = YES;
				GCC_WARN_64_TO_32_BIT_CONVERSION = YES;
				GCC_WARN_ABOUT_RETURN_TYPE = YES_ERROR;
				GCC_WARN_UNDECLARED_SELECTOR = YES;
				GCC_WARN_UNINITIALIZED_AUTOS = YES_AGGRESSIVE;
				GCC_WARN_UNUSED_FUNCTION = YES;
				GCC_WARN_UNUSED_VARIABLE = YES;
				IPHONEOS_DEPLOYMENT_TARGET = 14.4;
				MTL_ENABLE_DEBUG_INFO = NO;
				MTL_FAST_MATH = YES;
				SDKROOT = iphoneos;
				SWIFT_COMPILATION_MODE = wholemodule;
				SWIFT_OPTIMIZATION_LEVEL = "-O";
				VALIDATE_PRODUCT = YES;
			};
			name = Release;
		};
		DD68B38225F1994800A1F531 /* Debug */ = {
			isa = XCBuildConfiguration;
			buildSettings = {
				ASSETCATALOG_COMPILER_APPICON_NAME = AppIcon;
				ASSETCATALOG_COMPILER_GLOBAL_ACCENT_COLOR_NAME = AccentColor;
				CODE_SIGN_STYLE = Automatic;
				DEVELOPMENT_ASSET_PATHS = "\"iterable-demo/Preview Content\"";
				DEVELOPMENT_TEAM = Y92L7GHMUX;
				ENABLE_PREVIEWS = YES;
				INFOPLIST_FILE = "iterable-demo/Info.plist";
				LD_RUNPATH_SEARCH_PATHS = (
					"$(inherited)",
					"@executable_path/Frameworks",
				);
				PRODUCT_BUNDLE_IDENTIFIER = "com.digitalsight.iterable-demo";
				PRODUCT_NAME = "$(TARGET_NAME)";
				SWIFT_VERSION = 5.0;
				TARGETED_DEVICE_FAMILY = "1,2";
			};
			name = Debug;
		};
		DD68B38325F1994800A1F531 /* Release */ = {
			isa = XCBuildConfiguration;
			buildSettings = {
				ASSETCATALOG_COMPILER_APPICON_NAME = AppIcon;
				ASSETCATALOG_COMPILER_GLOBAL_ACCENT_COLOR_NAME = AccentColor;
				CODE_SIGN_STYLE = Automatic;
				DEVELOPMENT_ASSET_PATHS = "\"iterable-demo/Preview Content\"";
				DEVELOPMENT_TEAM = Y92L7GHMUX;
				ENABLE_PREVIEWS = YES;
				INFOPLIST_FILE = "iterable-demo/Info.plist";
				LD_RUNPATH_SEARCH_PATHS = (
					"$(inherited)",
					"@executable_path/Frameworks",
				);
				PRODUCT_BUNDLE_IDENTIFIER = "com.digitalsight.iterable-demo";
				PRODUCT_NAME = "$(TARGET_NAME)";
				SWIFT_VERSION = 5.0;
				TARGETED_DEVICE_FAMILY = "1,2";
			};
			name = Release;
		};
/* End XCBuildConfiguration section */

/* Begin XCConfigurationList section */
		DD68B36825F1994700A1F531 /* Build configuration list for PBXProject "iterable-demo" */ = {
			isa = XCConfigurationList;
			buildConfigurations = (
				DD68B37F25F1994800A1F531 /* Debug */,
				DD68B38025F1994800A1F531 /* Release */,
			);
			defaultConfigurationIsVisible = 0;
			defaultConfigurationName = Release;
		};
		DD68B38125F1994800A1F531 /* Build configuration list for PBXNativeTarget "iterable-demo" */ = {
			isa = XCConfigurationList;
			buildConfigurations = (
				DD68B38225F1994800A1F531 /* Debug */,
				DD68B38325F1994800A1F531 /* Release */,
			);
			defaultConfigurationIsVisible = 0;
			defaultConfigurationName = Release;
		};
/* End XCConfigurationList section */

/* Begin XCRemoteSwiftPackageReference section */
		DD68B38525F1C88100A1F531 /* XCRemoteSwiftPackageReference "swift-sdk" */ = {
			isa = XCRemoteSwiftPackageReference;
			repositoryURL = "https://github.com/iterable/swift-sdk";
			requirement = {
				kind = upToNextMajorVersion;
				minimumVersion = 6.2.20;
			};
		};
/* End XCRemoteSwiftPackageReference section */

/* Begin XCSwiftPackageProductDependency section */
		DD68B38625F1C88100A1F531 /* IterableSDK */ = {
			isa = XCSwiftPackageProductDependency;
			package = DD68B38525F1C88100A1F531 /* XCRemoteSwiftPackageReference "swift-sdk" */;
			productName = IterableSDK;
		};
		DD68B38825F1C88100A1F531 /* IterableAppExtensions */ = {
			isa = XCSwiftPackageProductDependency;
			package = DD68B38525F1C88100A1F531 /* XCRemoteSwiftPackageReference "swift-sdk" */;
			productName = IterableAppExtensions;
		};
/* End XCSwiftPackageProductDependency section */
	};
	rootObject = DD68B36525F1994700A1F531 /* Project object */;
}
